
Microsoft Visual Studio Solution File, Format Version 12.00
# Visual Studio 2012
Project("{FAE04EC0-301F-11D3-BF4B-00C04F79EFBC}") = "biaenv", "biaenv\biaenv.csproj", "{2E2DD958-0B39-4BC5-A57D-53B6C236B959}"
EndProject
Project("{FAE04EC0-301F-11D3-BF4B-00C04F79EFBC}") = "Tasks", "Tasks\Tasks.csproj", "{F9E92858-60AB-4DFA-B8C4-DDBCB9D98114}"
EndProject
Global
	GlobalSection(SolutionConfigurationPlatforms) = preSolution
		Debug|Any CPU = Debug|Any CPU
		Release|Any CPU = Release|Any CPU
	EndGlobalSection
	GlobalSection(ProjectConfigurationPlatforms) = postSolution
		{2E2DD958-0B39-4BC5-A57D-53B6C236B959}.Debug|Any CPU.ActiveCfg = Debug|Any CPU
		{2E2DD958-0B39-4BC5-A57D-53B6C236B959}.Debug|Any CPU.Build.0 = Debug|Any CPU
		{2E2DD958-0B39-4BC5-A57D-53B6C236B959}.Release|Any CPU.ActiveCfg = Release|Any CPU
		{2E2DD958-0B39-4BC5-A57D-53B6C236B959}.Release|Any CPU.Build.0 = Release|Any CPU
		{F9E92858-60AB-4DFA-B8C4-DDBCB9D98114}.Debug|Any CPU.ActiveCfg = Debug|Any CPU
		{F9E92858-60AB-4DFA-B8C4-DDBCB9D98114}.Debug|Any CPU.Build.0 = Debug|Any CPU
		{F9E92858-60AB-4DFA-B8C4-DDBCB9D98114}.Release|Any CPU.ActiveCfg = Release|Any CPU
		{F9E92858-60AB-4DFA-B8C4-DDBCB9D98114}.Release|Any CPU.Build.0 = Release|Any CPU
	EndGlobalSection
	GlobalSection(SolutionProperties) = preSolution
		HideSolutionNode = FALSE
	EndGlobalSection
EndGlobal
